
Microsoft Visual Studio Solution File, Format Version 12.00
# Visual Studio Version 17
VisualStudioVersion = 17.14.36414.22 d17.14
MinimumVisualStudioVersion = 10.0.40219.1
Project("{888888A0-9F3D-457C-B088-3A5042F75D52}") = "mmai-synth", "mmai-synth.pyproj", "{1193A2DF-B0AB-4584-83CA-23761A20D6BF}"
EndProject
Global
	GlobalSection(SolutionConfigurationPlatforms) = preSolution
		Debug|Any CPU = Debug|Any CPU
		Release|Any CPU = Release|Any CPU
	EndGlobalSection
	GlobalSection(ProjectConfigurationPlatforms) = postSolution
		{1193A2DF-B0AB-4584-83CA-23761A20D6BF}.Debug|Any CPU.ActiveCfg = Debug|Any CPU
		{1193A2DF-B0AB-4584-83CA-23761A20D6BF}.Release|Any CPU.ActiveCfg = Release|Any CPU
	EndGlobalSection
	GlobalSection(SolutionProperties) = preSolution
		HideSolutionNode = FALSE
	EndGlobalSection
	GlobalSection(ExtensibilityGlobals) = postSolution
		SolutionGuid = {3A03DB37-C7B9-43B5-96ED-22CF0446F02F}
	EndGlobalSection
EndGlobal
